
Microsoft Visual Studio Solution File, Format Version 12.00
# Visual Studio Version 16
VisualStudioVersion = 16.0.30114.105
MinimumVisualStudioVersion = 10.0.40219.1
Project("{FAE04EC0-301F-11D3-BF4B-00C04F79EFBC}") = "BuberDinner.api", "BuberDinner.api\BuberDinner.api.csproj", "{925B86F1-CEDA-4EB2-A2C1-F7371E295935}"
EndProject
Project("{FAE04EC0-301F-11D3-BF4B-00C04F79EFBC}") = "BuberDinner.application", "BuberDinner.application\BuberDinner.application.csproj", "{F22C2EA6-3722-463E-879B-DC62C54B4243}"
EndProject
Project("{FAE04EC0-301F-11D3-BF4B-00C04F79EFBC}") = "BuberDinner.contracts", "BuberDinner.contracts\BuberDinner.contracts.csproj", "{1F46242D-815C-4C19-BEFD-C41D568B3E6D}"
EndProject
Project("{FAE04EC0-301F-11D3-BF4B-00C04F79EFBC}") = "BuberDinner.domain", "BuberDinner.domain\BuberDinner.domain.csproj", "{169EA14A-658F-4438-AD55-DDD6D777F031}"
EndProject
Project("{FAE04EC0-301F-11D3-BF4B-00C04F79EFBC}") = "BuberDinner.infrastructure", "BuberDinner.infrastructure\BuberDinner.infrastructure.csproj", "{B774F381-5CC7-478A-87C7-2C1E83859620}"
EndProject
Global
	GlobalSection(SolutionConfigurationPlatforms) = preSolution
		Debug|Any CPU = Debug|Any CPU
		Release|Any CPU = Release|Any CPU
	EndGlobalSection
	GlobalSection(SolutionProperties) = preSolution
		HideSolutionNode = FALSE
	EndGlobalSection
	GlobalSection(ProjectConfigurationPlatforms) = postSolution
		{925B86F1-CEDA-4EB2-A2C1-F7371E295935}.Debug|Any CPU.ActiveCfg = Debug|Any CPU
		{925B86F1-CEDA-4EB2-A2C1-F7371E295935}.Debug|Any CPU.Build.0 = Debug|Any CPU
		{925B86F1-CEDA-4EB2-A2C1-F7371E295935}.Release|Any CPU.ActiveCfg = Release|Any CPU
		{925B86F1-CEDA-4EB2-A2C1-F7371E295935}.Release|Any CPU.Build.0 = Release|Any CPU
		{F22C2EA6-3722-463E-879B-DC62C54B4243}.Debug|Any CPU.ActiveCfg = Debug|Any CPU
		{F22C2EA6-3722-463E-879B-DC62C54B4243}.Debug|Any CPU.Build.0 = Debug|Any CPU
		{F22C2EA6-3722-463E-879B-DC62C54B4243}.Release|Any CPU.ActiveCfg = Release|Any CPU
		{F22C2EA6-3722-463E-879B-DC62C54B4243}.Release|Any CPU.Build.0 = Release|Any CPU
		{1F46242D-815C-4C19-BEFD-C41D568B3E6D}.Debug|Any CPU.ActiveCfg = Debug|Any CPU
		{1F46242D-815C-4C19-BEFD-C41D568B3E6D}.Debug|Any CPU.Build.0 = Debug|Any CPU
		{1F46242D-815C-4C19-BEFD-C41D568B3E6D}.Release|Any CPU.ActiveCfg = Release|Any CPU
		{1F46242D-815C-4C19-BEFD-C41D568B3E6D}.Release|Any CPU.Build.0 = Release|Any CPU
		{169EA14A-658F-4438-AD55-DDD6D777F031}.Debug|Any CPU.ActiveCfg = Debug|Any CPU
		{169EA14A-658F-4438-AD55-DDD6D777F031}.Debug|Any CPU.Build.0 = Debug|Any CPU
		{169EA14A-658F-4438-AD55-DDD6D777F031}.Release|Any CPU.ActiveCfg = Release|Any CPU
		{169EA14A-658F-4438-AD55-DDD6D777F031}.Release|Any CPU.Build.0 = Release|Any CPU
		{B774F381-5CC7-478A-87C7-2C1E83859620}.Debug|Any CPU.ActiveCfg = Debug|Any CPU
		{B774F381-5CC7-478A-87C7-2C1E83859620}.Debug|Any CPU.Build.0 = Debug|Any CPU
		{B774F381-5CC7-478A-87C7-2C1E83859620}.Release|Any CPU.ActiveCfg = Release|Any CPU
		{B774F381-5CC7-478A-87C7-2C1E83859620}.Release|Any CPU.Build.0 = Release|Any CPU
	EndGlobalSection
EndGlobal
